
Microsoft Visual Studio Solution File, Format Version 12.00
# Visual Studio Version 17
VisualStudioVersion = 17.14.36603.0 d17.14
MinimumVisualStudioVersion = 10.0.40219.1
Project("{8BC9CEB8-8B4A-11D0-8D11-00A0C91BC942}") = "Assignment 1 - Real Estate Company", "Assignment 1 - Real Estate Company.vcxproj", "{8B5A4E4E-6DAF-47B9-AE7A-6030B716C042}"
EndProject
Global
	GlobalSection(SolutionConfigurationPlatforms) = preSolution
		Debug|x64 = Debug|x64
		Debug|x86 = Debug|x86
		Release|x64 = Release|x64
		Release|x86 = Release|x86
	EndGlobalSection
	GlobalSection(ProjectConfigurationPlatforms) = postSolution
		{8B5A4E4E-6DAF-47B9-AE7A-6030B716C042}.Debug|x64.ActiveCfg = Debug|x64
		{8B5A4E4E-6DAF-47B9-AE7A-6030B716C042}.Debug|x64.Build.0 = Debug|x64
		{8B5A4E4E-6DAF-47B9-AE7A-6030B716C042}.Debug|x86.ActiveCfg = Debug|Win32
		{8B5A4E4E-6DAF-47B9-AE7A-6030B716C042}.Debug|x86.Build.0 = Debug|Win32
		{8B5A4E4E-6DAF-47B9-AE7A-6030B716C042}.Release|x64.ActiveCfg = Release|x64
		{8B5A4E4E-6DAF-47B9-AE7A-6030B716C042}.Release|x64.Build.0 = Release|x64
		{8B5A4E4E-6DAF-47B9-AE7A-6030B716C042}.Release|x86.ActiveCfg = Release|Win32
		{8B5A4E4E-6DAF-47B9-AE7A-6030B716C042}.Release|x86.Build.0 = Release|Win32
	EndGlobalSection
	GlobalSection(SolutionProperties) = preSolution
		HideSolutionNode = FALSE
	EndGlobalSection
	GlobalSection(ExtensibilityGlobals) = postSolution
		SolutionGuid = {C2D17DE2-374A-4D0D-9A99-105F35265580}
	EndGlobalSection
EndGlobal
